
Microsoft Visual Studio Solution File, Format Version 12.00
# Visual Studio 15
VisualStudioVersion = 15.0.28307.271
MinimumVisualStudioVersion = 10.0.40219.1
Project("{FAE04EC0-301F-11D3-BF4B-00C04F79EFBC}") = "code", "code\code.csproj", "{7C9867C8-142E-4BF5-84C4-5B5CEED514DA}"
EndProject
Project("{FAE04EC0-301F-11D3-BF4B-00C04F79EFBC}") = "Record", "Record\Record.csproj", "{DD748B71-70F1-46BC-B224-D8C78C5FEC19}"
EndProject
Project("{FAE04EC0-301F-11D3-BF4B-00C04F79EFBC}") = "GeneratorBase", "GeneratorBase\GeneratorBase.csproj", "{8497ABA8-3008-4C8D-98D5-A5F995BBE8A5}"
EndProject
Project("{FAE04EC0-301F-11D3-BF4B-00C04F79EFBC}") = "DataWritter", "DataWritter\DataWritter.csproj", "{7EED98B9-BBA7-4FAC-913B-569F591372BD}"
EndProject
Global
	GlobalSection(SolutionConfigurationPlatforms) = preSolution
		Debug|Any CPU = Debug|Any CPU
		Release|Any CPU = Release|Any CPU
	EndGlobalSection
	GlobalSection(ProjectConfigurationPlatforms) = postSolution
		{7C9867C8-142E-4BF5-84C4-5B5CEED514DA}.Debug|Any CPU.ActiveCfg = Debug|Any CPU
		{7C9867C8-142E-4BF5-84C4-5B5CEED514DA}.Debug|Any CPU.Build.0 = Debug|Any CPU
		{7C9867C8-142E-4BF5-84C4-5B5CEED514DA}.Release|Any CPU.ActiveCfg = Release|Any CPU
		{7C9867C8-142E-4BF5-84C4-5B5CEED514DA}.Release|Any CPU.Build.0 = Release|Any CPU
		{DD748B71-70F1-46BC-B224-D8C78C5FEC19}.Debug|Any CPU.ActiveCfg = Debug|Any CPU
		{DD748B71-70F1-46BC-B224-D8C78C5FEC19}.Debug|Any CPU.Build.0 = Debug|Any CPU
		{DD748B71-70F1-46BC-B224-D8C78C5FEC19}.Release|Any CPU.ActiveCfg = Release|Any CPU
		{DD748B71-70F1-46BC-B224-D8C78C5FEC19}.Release|Any CPU.Build.0 = Release|Any CPU
		{8497ABA8-3008-4C8D-98D5-A5F995BBE8A5}.Debug|Any CPU.ActiveCfg = Debug|Any CPU
		{8497ABA8-3008-4C8D-98D5-A5F995BBE8A5}.Debug|Any CPU.Build.0 = Debug|Any CPU
		{8497ABA8-3008-4C8D-98D5-A5F995BBE8A5}.Release|Any CPU.ActiveCfg = Release|Any CPU
		{8497ABA8-3008-4C8D-98D5-A5F995BBE8A5}.Release|Any CPU.Build.0 = Release|Any CPU
		{7EED98B9-BBA7-4FAC-913B-569F591372BD}.Debug|Any CPU.ActiveCfg = Debug|Any CPU
		{7EED98B9-BBA7-4FAC-913B-569F591372BD}.Debug|Any CPU.Build.0 = Debug|Any CPU
		{7EED98B9-BBA7-4FAC-913B-569F591372BD}.Release|Any CPU.ActiveCfg = Release|Any CPU
		{7EED98B9-BBA7-4FAC-913B-569F591372BD}.Release|Any CPU.Build.0 = Release|Any CPU
	EndGlobalSection
	GlobalSection(SolutionProperties) = preSolution
		HideSolutionNode = FALSE
	EndGlobalSection
	GlobalSection(ExtensibilityGlobals) = postSolution
		SolutionGuid = {4008B235-9E35-4F5F-AA71-9C603AEE5662}
	EndGlobalSection
EndGlobal
